
Microsoft Visual Studio Solution File, Format Version 12.00
# Visual Studio 15
VisualStudioVersion = 15.0.28010.2050
MinimumVisualStudioVersion = 10.0.40219.1
Project("{FAE04EC0-301F-11D3-BF4B-00C04F79EFBC}") = "FirstConnection", "FirstConnection\FirstConnection.csproj", "{6E510CE0-FE79-442F-952E-A0D38DC1EB54}"
EndProject
Global
	GlobalSection(SolutionConfigurationPlatforms) = preSolution
		Debug|Any CPU = Debug|Any CPU
		Release|Any CPU = Release|Any CPU
	EndGlobalSection
	GlobalSection(ProjectConfigurationPlatforms) = postSolution
		{6E510CE0-FE79-442F-952E-A0D38DC1EB54}.Debug|Any CPU.ActiveCfg = Debug|Any CPU
		{6E510CE0-FE79-442F-952E-A0D38DC1EB54}.Debug|Any CPU.Build.0 = Debug|Any CPU
		{6E510CE0-FE79-442F-952E-A0D38DC1EB54}.Release|Any CPU.ActiveCfg = Release|Any CPU
		{6E510CE0-FE79-442F-952E-A0D38DC1EB54}.Release|Any CPU.Build.0 = Release|Any CPU
	EndGlobalSection
	GlobalSection(SolutionProperties) = preSolution
		HideSolutionNode = FALSE
	EndGlobalSection
	GlobalSection(ExtensibilityGlobals) = postSolution
		SolutionGuid = {8F45DA64-7B63-4551-81D3-E01A060B2EDE}
	EndGlobalSection
EndGlobal
